
Microsoft Visual Studio Solution File, Format Version 12.00
# Visual Studio Version 17
VisualStudioVersion = 17.8.34316.72
MinimumVisualStudioVersion = 10.0.40219.1
Project("{9A19103F-16F7-4668-BE54-9A1E7A4F7556}") = "CarRentalManagement.Server", "CarRentalManagement\Server\CarRentalManagement.Server.csproj", "{C28345D2-E868-4720-BB58-90B345A30138}"
EndProject
Project("{9A19103F-16F7-4668-BE54-9A1E7A4F7556}") = "CarRentalManagement.Client", "CarRentalManagement\Client\CarRentalManagement.Client.csproj", "{A10AF5DC-BC57-4331-A9D1-E186826EAC97}"
EndProject
Project("{9A19103F-16F7-4668-BE54-9A1E7A4F7556}") = "CarRentalManagement.Shared", "CarRentalManagement\Shared\CarRentalManagement.Shared.csproj", "{56B7677E-1862-43E8-B899-A09C2A7926E0}"
EndProject
Global
	GlobalSection(SolutionConfigurationPlatforms) = preSolution
		Debug|Any CPU = Debug|Any CPU
		Release|Any CPU = Release|Any CPU
	EndGlobalSection
	GlobalSection(ProjectConfigurationPlatforms) = postSolution
		{C28345D2-E868-4720-BB58-90B345A30138}.Debug|Any CPU.ActiveCfg = Debug|Any CPU
		{C28345D2-E868-4720-BB58-90B345A30138}.Debug|Any CPU.Build.0 = Debug|Any CPU
		{C28345D2-E868-4720-BB58-90B345A30138}.Release|Any CPU.ActiveCfg = Release|Any CPU
		{C28345D2-E868-4720-BB58-90B345A30138}.Release|Any CPU.Build.0 = Release|Any CPU
		{A10AF5DC-BC57-4331-A9D1-E186826EAC97}.Debug|Any CPU.ActiveCfg = Debug|Any CPU
		{A10AF5DC-BC57-4331-A9D1-E186826EAC97}.Debug|Any CPU.Build.0 = Debug|Any CPU
		{A10AF5DC-BC57-4331-A9D1-E186826EAC97}.Release|Any CPU.ActiveCfg = Release|Any CPU
		{A10AF5DC-BC57-4331-A9D1-E186826EAC97}.Release|Any CPU.Build.0 = Release|Any CPU
		{56B7677E-1862-43E8-B899-A09C2A7926E0}.Debug|Any CPU.ActiveCfg = Debug|Any CPU
		{56B7677E-1862-43E8-B899-A09C2A7926E0}.Debug|Any CPU.Build.0 = Debug|Any CPU
		{56B7677E-1862-43E8-B899-A09C2A7926E0}.Release|Any CPU.ActiveCfg = Release|Any CPU
		{56B7677E-1862-43E8-B899-A09C2A7926E0}.Release|Any CPU.Build.0 = Release|Any CPU
	EndGlobalSection
	GlobalSection(SolutionProperties) = preSolution
		HideSolutionNode = FALSE
	EndGlobalSection
	GlobalSection(ExtensibilityGlobals) = postSolution
		SolutionGuid = {97186D5C-53B3-453E-9B65-979AFDCAEE6A}
	EndGlobalSection
EndGlobal
